{
  "requires": true,
  "lockfileVersion": 1,
  "dependencies": {
    "angular": {
      "version": "1.6.8",
      "resolved": "https://registry.npmjs.org/angular/-/angular-1.6.8.tgz",
      "integrity": "sha512-9WErZIOw1Cu1V5Yxdvxz/6YpND8ntdP71fdPpufPFJvZodZXqCjQBYrHqEoMZreO5i84O3D/Jw/vepoFt68Azw=="
    },
    "angular-animate": {
      "version": "1.6.8",
      "resolved": "https://registry.npmjs.org/angular-animate/-/angular-animate-1.6.8.tgz",
      "integrity": "sha512-zKaq9vtJ+QPV6q159mJkb6uKa3SiTe0PXj+W9WO3cDhLly8LuQHYRteAAD3/SqlS7GMq2SFlJvs7VQduPJpUQw=="
    },
    "angular-aria": {
      "version": "1.6.8",
      "resolved": "https://registry.npmjs.org/angular-aria/-/angular-aria-1.6.8.tgz",
      "integrity": "sha512-pJ24MO23zJXBmJ0X/0jkz0DtWthXTahwe4oLCrrbT6Jxtspf+FCYNTkBeC1c3fv+CNGal69NRUUMuujuRyqzeg=="
    },
    "angular-material": {
      "version": "1.1.5",
      "resolved": "https://registry.npmjs.org/angular-material/-/angular-material-1.1.5.tgz",
      "integrity": "sha1-pUUM2CBeFadpHtw4lHYJTPhtWSs="
    },
    "angular-material-datetimepicker": {
      "version": "1.4.0",
      "resolved": "https://registry.npmjs.org/angular-material-datetimepicker/-/angular-material-datetimepicker-1.4.0.tgz",
      "integrity": "sha1-mZI2PMnPZle75qBRzNyghwiPnnI=",
      "requires": {
        "angular-material": "1.0.9",
        "moment": "2.10.6"
      },
      "dependencies": {
        "angular-material": {
          "version": "1.0.9",
          "resolved": "https://registry.npmjs.org/angular-material/-/angular-material-1.0.9.tgz",
          "integrity": "sha1-AOgW9jgf/RZLx+Vtz1ZUnw/2TWw="
        },
        "moment": {
          "version": "2.10.6",
          "resolved": "https://registry.npmjs.org/moment/-/moment-2.10.6.tgz",
          "integrity": "sha1-bLIZZ8ecunsMpeZmRPFzZis++nc="
        }
      }
    },
    "angular-messages": {
      "version": "1.6.8",
      "resolved": "https://registry.npmjs.org/angular-messages/-/angular-messages-1.6.8.tgz",
      "integrity": "sha512-t8t3RA26KLScraeeE0FF9wflYO3txs+ND1A1L3nXT73bI99WjRgesNoh6eXc6206lksP+zEvGQTG1q1VU3rafQ=="
    },
    "angular-moment-picker": {
      "version": "0.10.1",
      "resolved": "https://registry.npmjs.org/angular-moment-picker/-/angular-moment-picker-0.10.1.tgz",
      "integrity": "sha1-LTk/a3A9jBO6/NgcYpEKiXjDOe4=",
      "requires": {
        "angular": "1.6.8",
        "moment": "2.20.1"
      },
      "dependencies": {
        "angular": {
          "version": "1.6.8",
          "resolved": "https://registry.npmjs.org/angular/-/angular-1.6.8.tgz",
          "integrity": "sha512-9WErZIOw1Cu1V5Yxdvxz/6YpND8ntdP71fdPpufPFJvZodZXqCjQBYrHqEoMZreO5i84O3D/Jw/vepoFt68Azw=="
        },
        "moment": {
          "version": "2.20.1",
          "resolved": "https://registry.npmjs.org/moment/-/moment-2.20.1.tgz",
          "integrity": "sha512-Yh9y73JRljxW5QxN08Fner68eFLxM5ynNOAw2LbIB1YAGeQzZT8QFSUvkAz609Zf+IHhhaUxqZK8dG3W/+HEvg=="
        }
      }
    },
    "angularjs-bootstrap-jquery": {
      "version": "1215.311.210",
      "resolved": "https://registry.npmjs.org/angularjs-bootstrap-jquery/-/angularjs-bootstrap-jquery-1215.311.210.tgz",
      "integrity": "sha1-kKP7IqGBDwjqAcW4L+xDnS2e48k="
    }
  }
}
